
Microsoft Visual Studio Solution File, Format Version 12.00
# Visual Studio Version 17
VisualStudioVersion = 17.13.35931.197 d17.13
MinimumVisualStudioVersion = 10.0.40219.1
Project("{FAE04EC0-301F-11D3-BF4B-00C04F79EFBC}") = "BMS-Read-Write-1000", "BMS-Read-Write-1000\BMS-Read-Write-1000.csproj", "{31CB57FA-E63C-4883-A1BE-5C06EAEFAE0E}"
EndProject
Global
	GlobalSection(SolutionConfigurationPlatforms) = preSolution
		Debug|Any CPU = Debug|Any CPU
		Release|Any CPU = Release|Any CPU
	EndGlobalSection
	GlobalSection(ProjectConfigurationPlatforms) = postSolution
		{31CB57FA-E63C-4883-A1BE-5C06EAEFAE0E}.Debug|Any CPU.ActiveCfg = Debug|Any CPU
		{31CB57FA-E63C-4883-A1BE-5C06EAEFAE0E}.Debug|Any CPU.Build.0 = Debug|Any CPU
		{31CB57FA-E63C-4883-A1BE-5C06EAEFAE0E}.Release|Any CPU.ActiveCfg = Release|Any CPU
		{31CB57FA-E63C-4883-A1BE-5C06EAEFAE0E}.Release|Any CPU.Build.0 = Release|Any CPU
	EndGlobalSection
	GlobalSection(SolutionProperties) = preSolution
		HideSolutionNode = FALSE
	EndGlobalSection
	GlobalSection(ExtensibilityGlobals) = postSolution
		SolutionGuid = {40FDE89C-F0AB-420A-95ED-ACB08972B029}
	EndGlobalSection
EndGlobal
